
Microsoft Visual Studio Solution File, Format Version 12.00
# Visual Studio Version 17
VisualStudioVersion = 17.13.35919.96 d17.13
MinimumVisualStudioVersion = 10.0.40219.1
Project("{FAE04EC0-301F-11D3-BF4B-00C04F79EFBC}") = "MvcNetCoreAWSPostgresEC2", "MvcNetCoreAWSPostgresEC2\MvcNetCoreAWSPostgresEC2.csproj", "{3614D2D4-2676-4DCD-8FBA-1989ADD43E85}"
EndProject
Global
	GlobalSection(SolutionConfigurationPlatforms) = preSolution
		Debug|Any CPU = Debug|Any CPU
		Release|Any CPU = Release|Any CPU
	EndGlobalSection
	GlobalSection(ProjectConfigurationPlatforms) = postSolution
		{3614D2D4-2676-4DCD-8FBA-1989ADD43E85}.Debug|Any CPU.ActiveCfg = Debug|Any CPU
		{3614D2D4-2676-4DCD-8FBA-1989ADD43E85}.Debug|Any CPU.Build.0 = Debug|Any CPU
		{3614D2D4-2676-4DCD-8FBA-1989ADD43E85}.Release|Any CPU.ActiveCfg = Release|Any CPU
		{3614D2D4-2676-4DCD-8FBA-1989ADD43E85}.Release|Any CPU.Build.0 = Release|Any CPU
	EndGlobalSection
	GlobalSection(SolutionProperties) = preSolution
		HideSolutionNode = FALSE
	EndGlobalSection
	GlobalSection(ExtensibilityGlobals) = postSolution
		SolutionGuid = {D3A55B48-D8F3-48EE-851F-7B07E717305F}
	EndGlobalSection
EndGlobal
